Microsoft Visual Studio Solution File, Format Version 7.00
Project("{8BC9CEB8-8B4A-11D0-8D11-00A0C91BC942}") = "CreateDOMDocument", "CreateDOMDocument\CreateDOMDocument.vcproj", "{8747B29E-2FB8-4D35-B2C6-36EB35CEC1CE}"
EndProject
Project("{8BC9CEB8-8B4A-11D0-8D11-00A0C91BC942}") = "DOMCount", "DOMCount\DOMCount.vcproj", "{84EAE79C-0346-4CB6-ACBD-CB9882FC208B}"
EndProject
Project("{8BC9CEB8-8B4A-11D0-8D11-00A0C91BC942}") = "DOMMemTest", "DOMMemTest\DOMMemTest.vcproj", "{5BF8A1D5-A2C2-46F0-9F64-F2F1AA3AC505}"
EndProject
Project("{8BC9CEB8-8B4A-11D0-8D11-00A0C91BC942}") = "DOMPrint", "DOMPrint\DOMPrint.vcproj", "{1225CDB9-B968-4314-B0FB-BAE191E7AE08}"
EndProject
Project("{8BC9CEB8-8B4A-11D0-8D11-00A0C91BC942}") = "DOMTest", "DOMTest\DOMTest.vcproj", "{644CB8B8-945F-4904-8816-B84DAE42EADF}"
EndProject
Project("{8BC9CEB8-8B4A-11D0-8D11-00A0C91BC942}") = "DOMTraversalTest", "DOMTraversalTest\DOMTraversalTest.vcproj", "{B9451EAB-21FD-4FA6-A51D-DEAFF3F578EF}"
EndProject
Project("{8BC9CEB8-8B4A-11D0-8D11-00A0C91BC942}") = "DeprecatedDOMCount", "DeprecatedDOMCount\DeprecatedDOMCount.vcproj", "{12600D91-5F8A-49D3-BF6F-68046EFAFC0A}"
EndProject
Project("{8BC9CEB8-8B4A-11D0-8D11-00A0C91BC942}") = "EncodingTest", "EncodingTest\EncodingTest.vcproj", "{D1EBD53D-FAE3-4A22-B051-B1C90DCB0FC2}"
EndProject
Project("{8BC9CEB8-8B4A-11D0-8D11-00A0C91BC942}") = "EnumVal", "EnumVal\EnumVal.vcproj", "{42F702D9-619B-40D6-9910-9997F237DFAA}"
EndProject
Project("{8BC9CEB8-8B4A-11D0-8D11-00A0C91BC942}") = "InitTermTest", "InitTermTest\InitTermTest.vcproj", "{2345BF90-9769-443C-9B8C-01394BF5392B}"
EndProject
Project("{8BC9CEB8-8B4A-11D0-8D11-00A0C91BC942}") = "MemParse", "MemParse\MemParse.vcproj", "{553EDE20-119D-49DC-83AF-F071C26CC5C3}"
EndProject
Project("{8BC9CEB8-8B4A-11D0-8D11-00A0C91BC942}") = "PParse", "PParse\PParse.vcproj", "{D4776F68-F3AE-46A5-A2C1-951CEF57AAB1}"
EndProject
Project("{8BC9CEB8-8B4A-11D0-8D11-00A0C91BC942}") = "RangeTest", "RangeTest\RangeTest.vcproj", "{BB4A46FC-F598-4CAD-9C3C-9BC021467836}"
EndProject
Project("{8BC9CEB8-8B4A-11D0-8D11-00A0C91BC942}") = "Redirect", "Redirect\Redirect.vcproj", "{3AADBAF9-C91C-482A-BC3F-098DA30C616F}"
EndProject
Project("{8BC9CEB8-8B4A-11D0-8D11-00A0C91BC942}") = "SAX2Count", "SAX2Count\SAX2Count.vcproj", "{37DBE7DB-5102-4DC8-9A83-CD0B32030823}"
EndProject
Project("{8BC9CEB8-8B4A-11D0-8D11-00A0C91BC942}") = "SAX2Print", "SAX2Print\SAX2Print.vcproj", "{72FE1CAE-9036-4265-A7CB-CCB5E972839F}"
EndProject
Project("{8BC9CEB8-8B4A-11D0-8D11-00A0C91BC942}") = "SAXCount", "SAXCount\SAXCount.vcproj", "{A90ECA4F-A785-4DBD-A58E-8304885F1304}"
EndProject
Project("{8BC9CEB8-8B4A-11D0-8D11-00A0C91BC942}") = "SAXPrint", "SAXPrint\SAXPrint.vcproj", "{BB3E47AF-86E0-4CE4-9F6D-A64C8CE57D64}"
EndProject
Project("{8BC9CEB8-8B4A-11D0-8D11-00A0C91BC942}") = "SEnumVal", "SEnumVal\SEnumVal.vcproj", "{49D890C0-F0B8-4155-B6DF-BF9C0A83F628}"
EndProject
Project("{8BC9CEB8-8B4A-11D0-8D11-00A0C91BC942}") = "StdInParse", "StdInParse\StdInParse.vcproj", "{8FC60FA5-C439-4D56-8D0A-E0916CDB9CB1}"
EndProject
Project("{8BC9CEB8-8B4A-11D0-8D11-00A0C91BC942}") = "ThreadTest", "ThreadTest\ThreadTest.vcproj", "{4738887F-74A4-4897-861F-40E6F1D75D0E}"
EndProject
Project("{8BC9CEB8-8B4A-11D0-8D11-00A0C91BC942}") = "XercesLib", "XercesLib\XercesLib.vcproj", "{0F120FBD-3459-4CE0-A7F1-7A9C84FEBCE5}"
EndProject
Project("{8BC9CEB8-8B4A-11D0-8D11-00A0C91BC942}") = "all", "all\all.vcproj", "{CA926B92-621D-4A7F-83AC-D73878C731BB}"
EndProject
Project("{8BC9CEB8-8B4A-11D0-8D11-00A0C91BC942}") = "xml4com", "xerces-com\xerces-com.vcproj", "{321C3744-B26C-4C29-BAB2-A6F9BC40EA0E}"
EndProject
Global
	GlobalSection(SolutionConfiguration) = preSolution
		ConfigName.0 = Debug
		ConfigName.1 = Release
		ConfigName.2 = Release
	EndGlobalSection
	GlobalSection(ProjectDependencies) = postSolution
		{8747B29E-2FB8-4D35-B2C6-36EB35CEC1CE}.0 = {0F120FBD-3459-4CE0-A7F1-7A9C84FEBCE5}
		{84EAE79C-0346-4CB6-ACBD-CB9882FC208B}.0 = {0F120FBD-3459-4CE0-A7F1-7A9C84FEBCE5}
		{5BF8A1D5-A2C2-46F0-9F64-F2F1AA3AC505}.0 = {0F120FBD-3459-4CE0-A7F1-7A9C84FEBCE5}
		{1225CDB9-B968-4314-B0FB-BAE191E7AE08}.0 = {0F120FBD-3459-4CE0-A7F1-7A9C84FEBCE5}
		{644CB8B8-945F-4904-8816-B84DAE42EADF}.0 = {0F120FBD-3459-4CE0-A7F1-7A9C84FEBCE5}
		{B9451EAB-21FD-4FA6-A51D-DEAFF3F578EF}.0 = {0F120FBD-3459-4CE0-A7F1-7A9C84FEBCE5}
		{12600D91-5F8A-49D3-BF6F-68046EFAFC0A}.0 = {0F120FBD-3459-4CE0-A7F1-7A9C84FEBCE5}
		{D1EBD53D-FAE3-4A22-B051-B1C90DCB0FC2}.0 = {0F120FBD-3459-4CE0-A7F1-7A9C84FEBCE5}
		{42F702D9-619B-40D6-9910-9997F237DFAA}.0 = {0F120FBD-3459-4CE0-A7F1-7A9C84FEBCE5}
		{2345BF90-9769-443C-9B8C-01394BF5392B}.0 = {0F120FBD-3459-4CE0-A7F1-7A9C84FEBCE5}
		{553EDE20-119D-49DC-83AF-F071C26CC5C3}.0 = {0F120FBD-3459-4CE0-A7F1-7A9C84FEBCE5}
		{D4776F68-F3AE-46A5-A2C1-951CEF57AAB1}.0 = {0F120FBD-3459-4CE0-A7F1-7A9C84FEBCE5}
		{BB4A46FC-F598-4CAD-9C3C-9BC021467836}.0 = {0F120FBD-3459-4CE0-A7F1-7A9C84FEBCE5}
		{3AADBAF9-C91C-482A-BC3F-098DA30C616F}.0 = {0F120FBD-3459-4CE0-A7F1-7A9C84FEBCE5}
		{37DBE7DB-5102-4DC8-9A83-CD0B32030823}.0 = {0F120FBD-3459-4CE0-A7F1-7A9C84FEBCE5}
		{72FE1CAE-9036-4265-A7CB-CCB5E972839F}.0 = {0F120FBD-3459-4CE0-A7F1-7A9C84FEBCE5}
		{A90ECA4F-A785-4DBD-A58E-8304885F1304}.0 = {0F120FBD-3459-4CE0-A7F1-7A9C84FEBCE5}
		{BB3E47AF-86E0-4CE4-9F6D-A64C8CE57D64}.0 = {0F120FBD-3459-4CE0-A7F1-7A9C84FEBCE5}
		{49D890C0-F0B8-4155-B6DF-BF9C0A83F628}.0 = {0F120FBD-3459-4CE0-A7F1-7A9C84FEBCE5}
		{8FC60FA5-C439-4D56-8D0A-E0916CDB9CB1}.0 = {0F120FBD-3459-4CE0-A7F1-7A9C84FEBCE5}
		{4738887F-74A4-4897-861F-40E6F1D75D0E}.0 = {0F120FBD-3459-4CE0-A7F1-7A9C84FEBCE5}
		{CA926B92-621D-4A7F-83AC-D73878C731BB}.0 = {12600D91-5F8A-49D3-BF6F-68046EFAFC0A}
		{CA926B92-621D-4A7F-83AC-D73878C731BB}.1 = {B9451EAB-21FD-4FA6-A51D-DEAFF3F578EF}
		{CA926B92-621D-4A7F-83AC-D73878C731BB}.2 = {0F120FBD-3459-4CE0-A7F1-7A9C84FEBCE5}
		{CA926B92-621D-4A7F-83AC-D73878C731BB}.3 = {4738887F-74A4-4897-861F-40E6F1D75D0E}
		{CA926B92-621D-4A7F-83AC-D73878C731BB}.4 = {8FC60FA5-C439-4D56-8D0A-E0916CDB9CB1}
		{CA926B92-621D-4A7F-83AC-D73878C731BB}.5 = {49D890C0-F0B8-4155-B6DF-BF9C0A83F628}
		{CA926B92-621D-4A7F-83AC-D73878C731BB}.6 = {BB3E47AF-86E0-4CE4-9F6D-A64C8CE57D64}
		{CA926B92-621D-4A7F-83AC-D73878C731BB}.7 = {A90ECA4F-A785-4DBD-A58E-8304885F1304}
		{CA926B92-621D-4A7F-83AC-D73878C731BB}.8 = {72FE1CAE-9036-4265-A7CB-CCB5E972839F}
		{CA926B92-621D-4A7F-83AC-D73878C731BB}.9 = {37DBE7DB-5102-4DC8-9A83-CD0B32030823}
		{CA926B92-621D-4A7F-83AC-D73878C731BB}.10 = {3AADBAF9-C91C-482A-BC3F-098DA30C616F}
		{CA926B92-621D-4A7F-83AC-D73878C731BB}.11 = {BB4A46FC-F598-4CAD-9C3C-9BC021467836}
		{CA926B92-621D-4A7F-83AC-D73878C731BB}.12 = {D4776F68-F3AE-46A5-A2C1-951CEF57AAB1}
		{CA926B92-621D-4A7F-83AC-D73878C731BB}.13 = {553EDE20-119D-49DC-83AF-F071C26CC5C3}
		{CA926B92-621D-4A7F-83AC-D73878C731BB}.14 = {2345BF90-9769-443C-9B8C-01394BF5392B}
		{CA926B92-621D-4A7F-83AC-D73878C731BB}.15 = {42F702D9-619B-40D6-9910-9997F237DFAA}
		{CA926B92-621D-4A7F-83AC-D73878C731BB}.16 = {D1EBD53D-FAE3-4A22-B051-B1C90DCB0FC2}
		{CA926B92-621D-4A7F-83AC-D73878C731BB}.17 = {644CB8B8-945F-4904-8816-B84DAE42EADF}
		{CA926B92-621D-4A7F-83AC-D73878C731BB}.18 = {1225CDB9-B968-4314-B0FB-BAE191E7AE08}
		{CA926B92-621D-4A7F-83AC-D73878C731BB}.19 = {5BF8A1D5-A2C2-46F0-9F64-F2F1AA3AC505}
		{CA926B92-621D-4A7F-83AC-D73878C731BB}.20 = {84EAE79C-0346-4CB6-ACBD-CB9882FC208B}
		{CA926B92-621D-4A7F-83AC-D73878C731BB}.21 = {8747B29E-2FB8-4D35-B2C6-36EB35CEC1CE}
		{321C3744-B26C-4C29-BAB2-A6F9BC40EA0E}.0 = {0F120FBD-3459-4CE0-A7F1-7A9C84FEBCE5}
	EndGlobalSection
	GlobalSection(ProjectConfiguration) = postSolution
		{8747B29E-2FB8-4D35-B2C6-36EB35CEC1CE}.Debug.ActiveCfg = Debug|Win32
		{8747B29E-2FB8-4D35-B2C6-36EB35CEC1CE}.Debug.Build.0 = Debug|Win32
		{8747B29E-2FB8-4D35-B2C6-36EB35CEC1CE}.Release.ActiveCfg = Release|Win32
		{8747B29E-2FB8-4D35-B2C6-36EB35CEC1CE}.Release.Build.0 = Release|Win32
		{8747B29E-2FB8-4D35-B2C6-36EB35CEC1CE}.Release.ActiveCfg = Release|Win32
		{8747B29E-2FB8-4D35-B2C6-36EB35CEC1CE}.Release.Build.0 = Release|Win32
		{84EAE79C-0346-4CB6-ACBD-CB9882FC208B}.Debug.ActiveCfg = Debug|Win32
		{84EAE79C-0346-4CB6-ACBD-CB9882FC208B}.Debug.Build.0 = Debug|Win32
		{84EAE79C-0346-4CB6-ACBD-CB9882FC208B}.Release.ActiveCfg = Release|Win32
		{84EAE79C-0346-4CB6-ACBD-CB9882FC208B}.Release.Build.0 = Release|Win32
		{84EAE79C-0346-4CB6-ACBD-CB9882FC208B}.Release.ActiveCfg = Release|Win32
		{84EAE79C-0346-4CB6-ACBD-CB9882FC208B}.Release.Build.0 = Release|Win32
		{5BF8A1D5-A2C2-46F0-9F64-F2F1AA3AC505}.Debug.ActiveCfg = Debug|Win32
		{5BF8A1D5-A2C2-46F0-9F64-F2F1AA3AC505}.Debug.Build.0 = Debug|Win32
		{5BF8A1D5-A2C2-46F0-9F64-F2F1AA3AC505}.Release.ActiveCfg = Release|Win32
		{5BF8A1D5-A2C2-46F0-9F64-F2F1AA3AC505}.Release.Build.0 = Release|Win32
		{5BF8A1D5-A2C2-46F0-9F64-F2F1AA3AC505}.Release.ActiveCfg = Release|Win32
		{5BF8A1D5-A2C2-46F0-9F64-F2F1AA3AC505}.Release.Build.0 = Release|Win32
		{1225CDB9-B968-4314-B0FB-BAE191E7AE08}.Debug.ActiveCfg = Debug|Win32
		{1225CDB9-B968-4314-B0FB-BAE191E7AE08}.Debug.Build.0 = Debug|Win32
		{1225CDB9-B968-4314-B0FB-BAE191E7AE08}.Release.ActiveCfg = Release|Win32
		{1225CDB9-B968-4314-B0FB-BAE191E7AE08}.Release.Build.0 = Release|Win32
		{1225CDB9-B968-4314-B0FB-BAE191E7AE08}.Release.ActiveCfg = Release|Win32
		{1225CDB9-B968-4314-B0FB-BAE191E7AE08}.Release.Build.0 = Release|Win32
		{644CB8B8-945F-4904-8816-B84DAE42EADF}.Debug.ActiveCfg = Debug|Win32
		{644CB8B8-945F-4904-8816-B84DAE42EADF}.Debug.Build.0 = Debug|Win32
		{644CB8B8-945F-4904-8816-B84DAE42EADF}.Release.ActiveCfg = Release|Win32
		{644CB8B8-945F-4904-8816-B84DAE42EADF}.Release.Build.0 = Release|Win32
		{644CB8B8-945F-4904-8816-B84DAE42EADF}.Release.ActiveCfg = Release|Win32
		{644CB8B8-945F-4904-8816-B84DAE42EADF}.Release.Build.0 = Release|Win32
		{B9451EAB-21FD-4FA6-A51D-DEAFF3F578EF}.Debug.ActiveCfg = Debug|Win32
		{B9451EAB-21FD-4FA6-A51D-DEAFF3F578EF}.Debug.Build.0 = Debug|Win32
		{B9451EAB-21FD-4FA6-A51D-DEAFF3F578EF}.Release.ActiveCfg = Release|Win32
		{B9451EAB-21FD-4FA6-A51D-DEAFF3F578EF}.Release.Build.0 = Release|Win32
		{B9451EAB-21FD-4FA6-A51D-DEAFF3F578EF}.Release.ActiveCfg = Release|Win32
		{B9451EAB-21FD-4FA6-A51D-DEAFF3F578EF}.Release.Build.0 = Release|Win32
		{12600D91-5F8A-49D3-BF6F-68046EFAFC0A}.Debug.ActiveCfg = Debug|Win32
		{12600D91-5F8A-49D3-BF6F-68046EFAFC0A}.Debug.Build.0 = Debug|Win32
		{12600D91-5F8A-49D3-BF6F-68046EFAFC0A}.Release.ActiveCfg = Release|Win32
		{12600D91-5F8A-49D3-BF6F-68046EFAFC0A}.Release.Build.0 = Release|Win32
		{12600D91-5F8A-49D3-BF6F-68046EFAFC0A}.Release.ActiveCfg = Release|Win32
		{12600D91-5F8A-49D3-BF6F-68046EFAFC0A}.Release.Build.0 = Release|Win32
		{D1EBD53D-FAE3-4A22-B051-B1C90DCB0FC2}.Debug.ActiveCfg = Debug|Win32
		{D1EBD53D-FAE3-4A22-B051-B1C90DCB0FC2}.Debug.Build.0 = Debug|Win32
		{D1EBD53D-FAE3-4A22-B051-B1C90DCB0FC2}.Release.ActiveCfg = Release|Win32
		{D1EBD53D-FAE3-4A22-B051-B1C90DCB0FC2}.Release.Build.0 = Release|Win32
		{D1EBD53D-FAE3-4A22-B051-B1C90DCB0FC2}.Release.ActiveCfg = Release|Win32
		{D1EBD53D-FAE3-4A22-B051-B1C90DCB0FC2}.Release.Build.0 = Release|Win32
		{42F702D9-619B-40D6-9910-9997F237DFAA}.Debug.ActiveCfg = Debug|Win32
		{42F702D9-619B-40D6-9910-9997F237DFAA}.Debug.Build.0 = Debug|Win32
		{42F702D9-619B-40D6-9910-9997F237DFAA}.Release.ActiveCfg = Release|Win32
		{42F702D9-619B-40D6-9910-9997F237DFAA}.Release.Build.0 = Release|Win32
		{42F702D9-619B-40D6-9910-9997F237DFAA}.Release.ActiveCfg = Release|Win32
		{42F702D9-619B-40D6-9910-9997F237DFAA}.Release.Build.0 = Release|Win32
		{2345BF90-9769-443C-9B8C-01394BF5392B}.Debug.ActiveCfg = Debug|Win32
		{2345BF90-9769-443C-9B8C-01394BF5392B}.Debug.Build.0 = Debug|Win32
		{2345BF90-9769-443C-9B8C-01394BF5392B}.Release.ActiveCfg = Release|Win32
		{2345BF90-9769-443C-9B8C-01394BF5392B}.Release.Build.0 = Release|Win32
		{2345BF90-9769-443C-9B8C-01394BF5392B}.Release.ActiveCfg = Release|Win32
		{2345BF90-9769-443C-9B8C-01394BF5392B}.Release.Build.0 = Release|Win32
		{553EDE20-119D-49DC-83AF-F071C26CC5C3}.Debug.ActiveCfg = Debug|Win32
		{553EDE20-119D-49DC-83AF-F071C26CC5C3}.Debug.Build.0 = Debug|Win32
		{553EDE20-119D-49DC-83AF-F071C26CC5C3}.Release.ActiveCfg = Release|Win32
		{553EDE20-119D-49DC-83AF-F071C26CC5C3}.Release.Build.0 = Release|Win32
		{553EDE20-119D-49DC-83AF-F071C26CC5C3}.Release.ActiveCfg = Release|Win32
		{553EDE20-119D-49DC-83AF-F071C26CC5C3}.Release.Build.0 = Release|Win32
		{D4776F68-F3AE-46A5-A2C1-951CEF57AAB1}.Debug.ActiveCfg = Debug|Win32
		{D4776F68-F3AE-46A5-A2C1-951CEF57AAB1}.Debug.Build.0 = Debug|Win32
		{D4776F68-F3AE-46A5-A2C1-951CEF57AAB1}.Release.ActiveCfg = Release|Win32
		{D4776F68-F3AE-46A5-A2C1-951CEF57AAB1}.Release.Build.0 = Release|Win32
		{D4776F68-F3AE-46A5-A2C1-951CEF57AAB1}.Release.ActiveCfg = Release|Win32
		{D4776F68-F3AE-46A5-A2C1-951CEF57AAB1}.Release.Build.0 = Release|Win32
		{BB4A46FC-F598-4CAD-9C3C-9BC021467836}.Debug.ActiveCfg = Debug|Win32
		{BB4A46FC-F598-4CAD-9C3C-9BC021467836}.Debug.Build.0 = Debug|Win32
		{BB4A46FC-F598-4CAD-9C3C-9BC021467836}.Release.ActiveCfg = Release|Win32
		{BB4A46FC-F598-4CAD-9C3C-9BC021467836}.Release.Build.0 = Release|Win32
		{BB4A46FC-F598-4CAD-9C3C-9BC021467836}.Release.ActiveCfg = Release|Win32
		{BB4A46FC-F598-4CAD-9C3C-9BC021467836}.Release.Build.0 = Release|Win32
		{3AADBAF9-C91C-482A-BC3F-098DA30C616F}.Debug.ActiveCfg = Debug|Win32
		{3AADBAF9-C91C-482A-BC3F-098DA30C616F}.Debug.Build.0 = Debug|Win32
		{3AADBAF9-C91C-482A-BC3F-098DA30C616F}.Release.ActiveCfg = Release|Win32
		{3AADBAF9-C91C-482A-BC3F-098DA30C616F}.Release.Build.0 = Release|Win32
		{3AADBAF9-C91C-482A-BC3F-098DA30C616F}.Release.ActiveCfg = Release|Win32
		{3AADBAF9-C91C-482A-BC3F-098DA30C616F}.Release.Build.0 = Release|Win32
		{37DBE7DB-5102-4DC8-9A83-CD0B32030823}.Debug.ActiveCfg = Debug|Win32
		{37DBE7DB-5102-4DC8-9A83-CD0B32030823}.Debug.Build.0 = Debug|Win32
		{37DBE7DB-5102-4DC8-9A83-CD0B32030823}.Release.ActiveCfg = Release|Win32
		{37DBE7DB-5102-4DC8-9A83-CD0B32030823}.Release.Build.0 = Release|Win32
		{37DBE7DB-5102-4DC8-9A83-CD0B32030823}.Release.ActiveCfg = Release|Win32
		{37DBE7DB-5102-4DC8-9A83-CD0B32030823}.Release.Build.0 = Release|Win32
		{72FE1CAE-9036-4265-A7CB-CCB5E972839F}.Debug.ActiveCfg = Debug|Win32
		{72FE1CAE-9036-4265-A7CB-CCB5E972839F}.Debug.Build.0 = Debug|Win32
		{72FE1CAE-9036-4265-A7CB-CCB5E972839F}.Release.ActiveCfg = Release|Win32
		{72FE1CAE-9036-4265-A7CB-CCB5E972839F}.Release.Build.0 = Release|Win32
		{72FE1CAE-9036-4265-A7CB-CCB5E972839F}.Release.ActiveCfg = Release|Win32
		{72FE1CAE-9036-4265-A7CB-CCB5E972839F}.Release.Build.0 = Release|Win32
		{A90ECA4F-A785-4DBD-A58E-8304885F1304}.Debug.ActiveCfg = Debug|Win32
		{A90ECA4F-A785-4DBD-A58E-8304885F1304}.Debug.Build.0 = Debug|Win32
		{A90ECA4F-A785-4DBD-A58E-8304885F1304}.Release.ActiveCfg = Release|Win32
		{A90ECA4F-A785-4DBD-A58E-8304885F1304}.Release.Build.0 = Release|Win32
		{A90ECA4F-A785-4DBD-A58E-8304885F1304}.Release.ActiveCfg = Release|Win32
		{A90ECA4F-A785-4DBD-A58E-8304885F1304}.Release.Build.0 = Release|Win32
		{BB3E47AF-86E0-4CE4-9F6D-A64C8CE57D64}.Debug.ActiveCfg = Debug|Win32
		{BB3E47AF-86E0-4CE4-9F6D-A64C8CE57D64}.Debug.Build.0 = Debug|Win32
		{BB3E47AF-86E0-4CE4-9F6D-A64C8CE57D64}.Release.ActiveCfg = Release|Win32
		{BB3E47AF-86E0-4CE4-9F6D-A64C8CE57D64}.Release.Build.0 = Release|Win32
		{BB3E47AF-86E0-4CE4-9F6D-A64C8CE57D64}.Release.ActiveCfg = Release|Win32
		{BB3E47AF-86E0-4CE4-9F6D-A64C8CE57D64}.Release.Build.0 = Release|Win32
		{49D890C0-F0B8-4155-B6DF-BF9C0A83F628}.Debug.ActiveCfg = Debug|Win32
		{49D890C0-F0B8-4155-B6DF-BF9C0A83F628}.Debug.Build.0 = Debug|Win32
		{49D890C0-F0B8-4155-B6DF-BF9C0A83F628}.Release.ActiveCfg = Release|Win32
		{49D890C0-F0B8-4155-B6DF-BF9C0A83F628}.Release.Build.0 = Release|Win32
		{49D890C0-F0B8-4155-B6DF-BF9C0A83F628}.Release.ActiveCfg = Release|Win32
		{49D890C0-F0B8-4155-B6DF-BF9C0A83F628}.Release.Build.0 = Release|Win32
		{8FC60FA5-C439-4D56-8D0A-E0916CDB9CB1}.Debug.ActiveCfg = Debug|Win32
		{8FC60FA5-C439-4D56-8D0A-E0916CDB9CB1}.Debug.Build.0 = Debug|Win32
		{8FC60FA5-C439-4D56-8D0A-E0916CDB9CB1}.Release.ActiveCfg = Release|Win32
		{8FC60FA5-C439-4D56-8D0A-E0916CDB9CB1}.Release.Build.0 = Release|Win32
		{8FC60FA5-C439-4D56-8D0A-E0916CDB9CB1}.Release.ActiveCfg = Release|Win32
		{8FC60FA5-C439-4D56-8D0A-E0916CDB9CB1}.Release.Build.0 = Release|Win32
		{4738887F-74A4-4897-861F-40E6F1D75D0E}.Debug.ActiveCfg = Debug|Win32
		{4738887F-74A4-4897-861F-40E6F1D75D0E}.Debug.Build.0 = Debug|Win32
		{4738887F-74A4-4897-861F-40E6F1D75D0E}.Release.ActiveCfg = Release|Win32
		{4738887F-74A4-4897-861F-40E6F1D75D0E}.Release.Build.0 = Release|Win32
		{4738887F-74A4-4897-861F-40E6F1D75D0E}.Release.ActiveCfg = Release|Win32
		{4738887F-74A4-4897-861F-40E6F1D75D0E}.Release.Build.0 = Release|Win32
		{0F120FBD-3459-4CE0-A7F1-7A9C84FEBCE5}.Debug.ActiveCfg = Debug|Win32
		{0F120FBD-3459-4CE0-A7F1-7A9C84FEBCE5}.Debug.Build.0 = Debug|Win32
		{0F120FBD-3459-4CE0-A7F1-7A9C84FEBCE5}.Release.ActiveCfg = Release|Win32
		{0F120FBD-3459-4CE0-A7F1-7A9C84FEBCE5}.Release.Build.0 = Release|Win32
		{0F120FBD-3459-4CE0-A7F1-7A9C84FEBCE5}.Release.ActiveCfg = Release|Win32
		{0F120FBD-3459-4CE0-A7F1-7A9C84FEBCE5}.Release.Build.0 = Release|Win32
		{CA926B92-621D-4A7F-83AC-D73878C731BB}.Debug.ActiveCfg = Debug|Win32
		{CA926B92-621D-4A7F-83AC-D73878C731BB}.Debug.Build.0 = Debug|Win32
		{CA926B92-621D-4A7F-83AC-D73878C731BB}.Release.ActiveCfg = Release|Win32
		{CA926B92-621D-4A7F-83AC-D73878C731BB}.Release.Build.0 = Release|Win32
		{CA926B92-621D-4A7F-83AC-D73878C731BB}.Release.ActiveCfg = Release|Win32
		{CA926B92-621D-4A7F-83AC-D73878C731BB}.Release.Build.0 = Release|Win32
		{321C3744-B26C-4C29-BAB2-A6F9BC40EA0E}.Debug.ActiveCfg = Debug|Win32
		{321C3744-B26C-4C29-BAB2-A6F9BC40EA0E}.Debug.Build.0 = Debug|Win32
		{321C3744-B26C-4C29-BAB2-A6F9BC40EA0E}.Release.ActiveCfg = Release|Win32
		{321C3744-B26C-4C29-BAB2-A6F9BC40EA0E}.Release.Build.0 = Release|Win32
		{321C3744-B26C-4C29-BAB2-A6F9BC40EA0E}.Release.ActiveCfg = Release MinDependency|Win32
		{321C3744-B26C-4C29-BAB2-A6F9BC40EA0E}.Release.Build.0 = Release MinDependency|Win32
	EndGlobalSection
	GlobalSection(ExtensibilityGlobals) = postSolution
	EndGlobalSection
	GlobalSection(ExtensibilityAddIns) = postSolution
	EndGlobalSection
EndGlobal
