// !$*UTF8*$!
{
	archiveVersion = 1;
	classes = {
	};
	objectVersion = 38;
	objects = {
		014CEA460018CE2711CA2923 = {
			buildRules = (
			);
			buildSettings = {
				COPY_PHASE_STRIP = NO;
				GCC_VERSION = 2.x;
				OPTIMIZATION_CFLAGS = "-O0";
			};
			isa = PBXBuildStyle;
			name = "Development GCC2";
		};
		014CEA470018CE2711CA2923 = {
			buildRules = (
			);
			buildSettings = {
				COPY_PHASE_STRIP = YES;
				GCC_VERSION = 2.x;
			};
			isa = PBXBuildStyle;
			name = "Deployment GCC2";
		};
//010
//011
//012
//013
//014
//020
//021
//022
//023
//024
		0249A660FF388D4511CA2CEA = {
			isa = PBXExecutableFileReference;
			path = SAX2Print;
			refType = 3;
		};
		0249A662FF388D9811CA2CEA = {
			children = (
				0249A663FF388D9811CA2CEA,
				F58FFD7402C67EF401A80065,
			);
			isa = PBXGroup;
			name = "External Frameworks and Libraries";
			refType = 4;
		};
		0249A663FF388D9811CA2CEA = {
			isa = PBXFileReference;
			name = "libstdc++.a";
			path = "/usr/lib/libstdc++.a";
			refType = 0;
		};
		0249A664FF388D9811CA2CEA = {
			fileRef = 0249A663FF388D9811CA2CEA;
			isa = PBXBuildFile;
			settings = {
			};
		};
//020
//021
//022
//023
//024
//080
//081
//082
//083
//084
		08FB7793FE84155DC02AAC07 = {
			buildStyles = (
				014CEA460018CE2711CA2923,
				014CEA470018CE2711CA2923,
				F57843050313FA0D01A80065,
				F57843060313FA1301A80065,
			);
			hasScannedForEncodings = 1;
			isa = PBXProject;
			mainGroup = 08FB7794FE84155DC02AAC07;
			projectDirPath = "";
			targets = (
				08FB779FFE84155DC02AAC07,
			);
		};
		08FB7794FE84155DC02AAC07 = {
			children = (
				F52345FA03AE621701A80065,
				08FB7795FE84155DC02AAC07,
				0249A662FF388D9811CA2CEA,
				1AB674ADFE9D54B511CA2CBB,
			);
			isa = PBXGroup;
			name = IDOMPrint;
			refType = 4;
		};
		08FB7795FE84155DC02AAC07 = {
			children = (
				F54F8B8B00F8F37F01000001,
				F54F8B8C00F8F37F01000001,
				F54F8B8D00F8F37F01000001,
				F54F8B8E00F8F37F01000001,
			);
			isa = PBXGroup;
			name = SAX2Print;
			path = ../../../../../samples/SAX2Print;
			refType = 2;
		};
		08FB779FFE84155DC02AAC07 = {
			buildPhases = (
				08FB77A0FE84155DC02AAC07,
				08FB77A1FE84155DC02AAC07,
				08FB77A3FE84155DC02AAC07,
				08FB77A5FE84155DC02AAC07,
			);
			buildSettings = {
				FRAMEWORK_SEARCH_PATHS = "../../../../../lib/ /Volumes/Rock/Users/jberry/Projects/xml-apache/xml-xerces/c/lib";
				HEADER_SEARCH_PATHS = ../../../../../src/;
				INSTALL_PATH = "$(HOME)/bin";
				LIBRARY_SEARCH_PATHS = "";
				OTHER_CFLAGS = "";
				OTHER_LDFLAGS = "";
				OTHER_REZFLAGS = "";
				PREBINDING = NO;
				PRECOMPILE_PREFIX_HEADER = YES;
				PREFIX_HEADER = ../xerces_sample_prefix.h;
				PRODUCT_NAME = SAX2Print;
				REZ_EXECUTABLE = YES;
				SECTORDER_FLAGS = "";
				USE_GCC3_PFE_SUPPORT = YES;
				WARNING_CFLAGS = "-Wmost -Wno-four-char-constants -Wno-unknown-pragmas";
			};
			dependencies = (
			);
			isa = PBXToolTarget;
			name = SAX2Print;
			productInstallPath = "$(HOME)/bin";
			productName = IDOMPrint;
			productReference = 0249A660FF388D4511CA2CEA;
		};
		08FB77A0FE84155DC02AAC07 = {
			buildActionMask = 2147483647;
			files = (
				F54F8B8F00F8F37F01000001,
				F54F8B9000F8F37F01000001,
				F52345FB03AE621701A80065,
			);
			isa = PBXHeadersBuildPhase;
			runOnlyForDeploymentPostprocessing = 0;
		};
		08FB77A1FE84155DC02AAC07 = {
			buildActionMask = 2147483647;
			files = (
				F54F8B9100F8F37F01000001,
				F54F8B9200F8F37F01000001,
			);
			isa = PBXSourcesBuildPhase;
			runOnlyForDeploymentPostprocessing = 0;
		};
		08FB77A3FE84155DC02AAC07 = {
			buildActionMask = 2147483647;
			files = (
				0249A664FF388D9811CA2CEA,
				F58FFD7602C67EF401A80065,
			);
			isa = PBXFrameworksBuildPhase;
			runOnlyForDeploymentPostprocessing = 0;
		};
		08FB77A5FE84155DC02AAC07 = {
			buildActionMask = 2147483647;
			files = (
			);
			isa = PBXRezBuildPhase;
			runOnlyForDeploymentPostprocessing = 0;
		};
//080
//081
//082
//083
//084
//1A0
//1A1
//1A2
//1A3
//1A4
		1AB674ADFE9D54B511CA2CBB = {
			children = (
				0249A660FF388D4511CA2CEA,
			);
			isa = PBXGroup;
			name = Products;
			refType = 4;
		};
//1A0
//1A1
//1A2
//1A3
//1A4
//F50
//F51
//F52
//F53
//F54
		F52345FA03AE621701A80065 = {
			fileEncoding = 30;
			isa = PBXFileReference;
			name = xerces_sample_prefix.h;
			path = ../xerces_sample_prefix.h;
			refType = 2;
		};
		F52345FB03AE621701A80065 = {
			fileRef = F52345FA03AE621701A80065;
			isa = PBXBuildFile;
			settings = {
			};
		};
		F54F8B8B00F8F37F01000001 = {
			fileEncoding = 30;
			isa = PBXFileReference;
			path = SAX2Print.cpp;
			refType = 4;
		};
		F54F8B8C00F8F37F01000001 = {
			fileEncoding = 30;
			isa = PBXFileReference;
			path = SAX2Print.hpp;
			refType = 4;
		};
		F54F8B8D00F8F37F01000001 = {
			fileEncoding = 30;
			isa = PBXFileReference;
			path = SAX2PrintHandlers.cpp;
			refType = 4;
		};
		F54F8B8E00F8F37F01000001 = {
			fileEncoding = 30;
			isa = PBXFileReference;
			path = SAX2PrintHandlers.hpp;
			refType = 4;
		};
		F54F8B8F00F8F37F01000001 = {
			fileRef = F54F8B8C00F8F37F01000001;
			isa = PBXBuildFile;
			settings = {
			};
		};
		F54F8B9000F8F37F01000001 = {
			fileRef = F54F8B8E00F8F37F01000001;
			isa = PBXBuildFile;
			settings = {
			};
		};
		F54F8B9100F8F37F01000001 = {
			fileRef = F54F8B8B00F8F37F01000001;
			isa = PBXBuildFile;
			settings = {
			};
		};
		F54F8B9200F8F37F01000001 = {
			fileRef = F54F8B8D00F8F37F01000001;
			isa = PBXBuildFile;
			settings = {
			};
		};
		F57843050313FA0D01A80065 = {
			buildRules = (
			);
			buildSettings = {
				COPY_PHASE_STRIP = NO;
				OPTIMIZATION_CFLAGS = "-O0";
			};
			isa = PBXBuildStyle;
			name = "Development GCC3";
		};
		F57843060313FA1301A80065 = {
			buildRules = (
			);
			buildSettings = {
				COPY_PHASE_STRIP = YES;
			};
			isa = PBXBuildStyle;
			name = "Deployment GCC3";
		};
		F58FFD7402C67EF401A80065 = {
			isa = PBXFrameworkReference;
			name = Xerces.framework;
			path = ../../../../../lib/Xerces.framework;
			refType = 2;
		};
		F58FFD7602C67EF401A80065 = {
			fileRef = F58FFD7402C67EF401A80065;
			isa = PBXBuildFile;
			settings = {
			};
		};
	};
	rootObject = 08FB7793FE84155DC02AAC07;
}
