// !$*UTF8*$!
{
	archiveVersion = 1;
	classes = {
	};
	objectVersion = 38;
	objects = {
		00C89B0EFFA938BB7F000001 = {
			isa = PBXFrameworkReference;
			name = Xerces.framework;
			path = ../../../../../lib/Xerces.framework;
			refType = 2;
		};
		00C89B0FFFA938BB7F000001 = {
			fileRef = 00C89B0EFFA938BB7F000001;
			isa = PBXBuildFile;
			settings = {
			};
		};
//000
//001
//002
//003
//004
//020
//021
//022
//023
//024
		0249A660FF388D4511CA2CEA = {
			isa = PBXExecutableFileReference;
			path = DOMPrint;
			refType = 3;
		};
		0249A662FF388D9811CA2CEA = {
			children = (
				00C89B0EFFA938BB7F000001,
			);
			isa = PBXGroup;
			name = "External Frameworks and Libraries";
			refType = 4;
		};
		02DDAA62FF8BF5E17F000001 = {
			fileEncoding = 30;
			isa = PBXFileReference;
			path = DOMPrint.cpp;
			refType = 4;
		};
		02DDAA63FF8BF5E17F000001 = {
			fileEncoding = 30;
			isa = PBXFileReference;
			path = DOMTreeErrorReporter.hpp;
			refType = 4;
		};
		02DDAA64FF8BF5E17F000001 = {
			fileEncoding = 30;
			isa = PBXFileReference;
			path = DOMTreeErrorReporter.cpp;
			refType = 4;
		};
		02DDAA65FF8BF5E17F000001 = {
			fileRef = 02DDAA63FF8BF5E17F000001;
			isa = PBXBuildFile;
			settings = {
			};
		};
		02DDAA66FF8BF5E17F000001 = {
			fileRef = 02DDAA62FF8BF5E17F000001;
			isa = PBXBuildFile;
			settings = {
				ATTRIBUTES = (
				);
			};
		};
		02DDAA67FF8BF5E17F000001 = {
			fileRef = 02DDAA64FF8BF5E17F000001;
			isa = PBXBuildFile;
			settings = {
				ATTRIBUTES = (
				);
			};
		};
//020
//021
//022
//023
//024
//080
//081
//082
//083
//084
		08FB7793FE84155DC02AAC07 = {
			buildStyles = (
				32D0C9130081428B7F000001,
				32D0C9140081428B7F000001,
				F58B304702DE343B0195DDC8,
				F58B304802DE34410195DDC8,
			);
			hasScannedForEncodings = 1;
			isa = PBXProject;
			mainGroup = 08FB7794FE84155DC02AAC07;
			projectDirPath = "";
			targets = (
				08FB779FFE84155DC02AAC07,
			);
		};
		08FB7794FE84155DC02AAC07 = {
			children = (
				F52345F503AE603601A80065,
				08FB7795FE84155DC02AAC07,
				0249A662FF388D9811CA2CEA,
				1AB674ADFE9D54B511CA2CBB,
			);
			isa = PBXGroup;
			name = DOMPrint;
			path = ../../../../../samples/DOMPrint;
			refType = 2;
		};
		08FB7795FE84155DC02AAC07 = {
			children = (
				02DDAA62FF8BF5E17F000001,
				02DDAA63FF8BF5E17F000001,
				02DDAA64FF8BF5E17F000001,
				F58FFD0602C4FB8D01A80065,
				F58FFD0702C4FB8D01A80065,
				F58FFD0802C4FB8D01A80065,
				F58FFD0902C4FB8D01A80065,
			);
			isa = PBXGroup;
			name = DOMPrint;
			path = ../../../../../samples/DOMPrint;
			refType = 2;
		};
		08FB779FFE84155DC02AAC07 = {
			buildPhases = (
				08FB77A0FE84155DC02AAC07,
				08FB77A1FE84155DC02AAC07,
				08FB77A3FE84155DC02AAC07,
				08FB77A5FE84155DC02AAC07,
			);
			buildSettings = {
				BUILD_SETTING = "";
				FRAMEWORK_SEARCH_PATHS = ../../../../../lib/;
				HEADER_SEARCH_PATHS = ../../../../../src/;
				LIBRARY_SEARCH_PATHS = "";
				OTHER_CFLAGS = "";
				OTHER_LDFLAGS = "";
				OTHER_REZFLAGS = "";
				PREBINDING = NO;
				PRECOMPILE_PREFIX_HEADER = YES;
				PREFIX_HEADER = ../xerces_sample_prefix.h;
				PRODUCT_NAME = DOMPrint;
				REZ_EXECUTABLE = YES;
				SECTORDER_FLAGS = "";
				USE_GCC3_PFE_SUPPORT = YES;
				WARNING_CFLAGS = "-Wmost -Wno-four-char-constants -Wno-unknown-pragmas";
			};
			dependencies = (
			);
			isa = PBXToolTarget;
			name = DOMPrint;
			productName = DOMPrint;
			productReference = 0249A660FF388D4511CA2CEA;
		};
		08FB77A0FE84155DC02AAC07 = {
			buildActionMask = 2147483647;
			files = (
				02DDAA65FF8BF5E17F000001,
				F58FFD0B02C4FB8D01A80065,
				F58FFD0D02C4FB8D01A80065,
				F52345F603AE603601A80065,
			);
			isa = PBXHeadersBuildPhase;
			runOnlyForDeploymentPostprocessing = 0;
		};
		08FB77A1FE84155DC02AAC07 = {
			buildActionMask = 2147483647;
			files = (
				02DDAA66FF8BF5E17F000001,
				02DDAA67FF8BF5E17F000001,
				F58FFD0A02C4FB8D01A80065,
				F58FFD0C02C4FB8D01A80065,
			);
			isa = PBXSourcesBuildPhase;
			runOnlyForDeploymentPostprocessing = 0;
		};
		08FB77A3FE84155DC02AAC07 = {
			buildActionMask = 2147483647;
			files = (
				00C89B0FFFA938BB7F000001,
			);
			isa = PBXFrameworksBuildPhase;
			runOnlyForDeploymentPostprocessing = 0;
		};
		08FB77A5FE84155DC02AAC07 = {
			buildActionMask = 2147483647;
			files = (
			);
			isa = PBXRezBuildPhase;
			runOnlyForDeploymentPostprocessing = 0;
		};
//080
//081
//082
//083
//084
//1A0
//1A1
//1A2
//1A3
//1A4
		1AB674ADFE9D54B511CA2CBB = {
			children = (
				0249A660FF388D4511CA2CEA,
			);
			isa = PBXGroup;
			name = Products;
			refType = 4;
		};
//1A0
//1A1
//1A2
//1A3
//1A4
//320
//321
//322
//323
//324
		32D0C9130081428B7F000001 = {
			buildRules = (
			);
			buildSettings = {
				COPY_PHASE_STRIP = NO;
				GCC_VERSION = 2.x;
				OPTIMIZATION_CFLAGS = "-O0";
			};
			isa = PBXBuildStyle;
			name = "Development GCC2";
		};
		32D0C9140081428B7F000001 = {
			buildRules = (
			);
			buildSettings = {
				COPY_PHASE_STRIP = YES;
				GCC_VERSION = 2.x;
			};
			isa = PBXBuildStyle;
			name = "Deployment GCC2";
		};
//320
//321
//322
//323
//324
//F50
//F51
//F52
//F53
//F54
		F52345F503AE603601A80065 = {
			fileEncoding = 30;
			isa = PBXFileReference;
			name = xerces_sample_prefix.h;
			path = ../xerces_sample_prefix.h;
			refType = 2;
		};
		F52345F603AE603601A80065 = {
			fileRef = F52345F503AE603601A80065;
			isa = PBXBuildFile;
			settings = {
			};
		};
		F58B304702DE343B0195DDC8 = {
			buildRules = (
			);
			buildSettings = {
				COPY_PHASE_STRIP = NO;
				OPTIMIZATION_CFLAGS = "-O0";
			};
			isa = PBXBuildStyle;
			name = "Development GCC3";
		};
		F58B304802DE34410195DDC8 = {
			buildRules = (
			);
			buildSettings = {
				COPY_PHASE_STRIP = YES;
			};
			isa = PBXBuildStyle;
			name = "Deployment GCC3";
		};
		F58FFD0602C4FB8D01A80065 = {
			fileEncoding = 30;
			isa = PBXFileReference;
			path = DOMPrintErrorHandler.cpp;
			refType = 4;
		};
		F58FFD0702C4FB8D01A80065 = {
			fileEncoding = 30;
			isa = PBXFileReference;
			path = DOMPrintErrorHandler.hpp;
			refType = 4;
		};
		F58FFD0802C4FB8D01A80065 = {
			fileEncoding = 30;
			isa = PBXFileReference;
			path = DOMPrintFilter.cpp;
			refType = 4;
		};
		F58FFD0902C4FB8D01A80065 = {
			fileEncoding = 30;
			isa = PBXFileReference;
			path = DOMPrintFilter.hpp;
			refType = 4;
		};
		F58FFD0A02C4FB8D01A80065 = {
			fileRef = F58FFD0602C4FB8D01A80065;
			isa = PBXBuildFile;
			settings = {
			};
		};
		F58FFD0B02C4FB8D01A80065 = {
			fileRef = F58FFD0702C4FB8D01A80065;
			isa = PBXBuildFile;
			settings = {
			};
		};
		F58FFD0C02C4FB8D01A80065 = {
			fileRef = F58FFD0802C4FB8D01A80065;
			isa = PBXBuildFile;
			settings = {
			};
		};
		F58FFD0D02C4FB8D01A80065 = {
			fileRef = F58FFD0902C4FB8D01A80065;
			isa = PBXBuildFile;
			settings = {
			};
		};
	};
	rootObject = 08FB7793FE84155DC02AAC07;
}
