// !$*UTF8*$!
{
	archiveVersion = 1;
	classes = {
	};
	objectVersion = 39;
	objects = {
		0249A662FF388D9811CA2CEA = {
			children = (
				90153B7D0573CA6700DAD394,
			);
			isa = PBXGroup;
			name = "External Frameworks and Libraries";
			refType = 4;
			sourceTree = "<group>";
		};
//020
//021
//022
//023
//024
//080
//081
//082
//083
//084
		08FB7793FE84155DC02AAC07 = {
			buildSettings = {
			};
			buildStyles = (
				F57843050313FA0D01A80065,
				F57843060313FA1301A80065,
			);
			hasScannedForEncodings = 1;
			isa = PBXProject;
			mainGroup = 08FB7794FE84155DC02AAC07;
			projectDirPath = "";
			targets = (
				900E8AA0055B217D000AC26D,
			);
		};
		08FB7794FE84155DC02AAC07 = {
			children = (
				F52345FA03AE621701A80065,
				08FB7795FE84155DC02AAC07,
				0249A662FF388D9811CA2CEA,
				1AB674ADFE9D54B511CA2CBB,
			);
			isa = PBXGroup;
			name = IDOMPrint;
			refType = 4;
			sourceTree = "<group>";
		};
		08FB7795FE84155DC02AAC07 = {
			children = (
				F54F8B8B00F8F37F01000001,
				F54F8B8C00F8F37F01000001,
				F54F8B8D00F8F37F01000001,
				F54F8B8E00F8F37F01000001,
			);
			isa = PBXGroup;
			name = SAX2Print;
			path = ../../../../../samples/SAX2Print;
			refType = 2;
			sourceTree = SOURCE_ROOT;
		};
//080
//081
//082
//083
//084
//1A0
//1A1
//1A2
//1A3
//1A4
		1AB674ADFE9D54B511CA2CBB = {
			children = (
				900E8AAD055B217D000AC26D,
			);
			isa = PBXGroup;
			name = Products;
			refType = 4;
			sourceTree = "<group>";
		};
//1A0
//1A1
//1A2
//1A3
//1A4
//900
//901
//902
//903
//904
		900E8AA0055B217D000AC26D = {
			buildPhases = (
				900E8AA1055B217D000AC26D,
				900E8AA5055B217D000AC26D,
				900E8AA8055B217D000AC26D,
				900E8AAB055B217D000AC26D,
			);
			buildRules = (
			);
			buildSettings = {
				FRAMEWORK_SEARCH_PATHS = ../../XercesLib/build;
				GCC_PRECOMPILE_PREFIX_HEADER = YES;
				GCC_PREFIX_HEADER = ../xerces_sample_prefix.h;
				GCC_WARN_FOUR_CHARACTER_CONSTANTS = NO;
				GCC_WARN_UNKNOWN_PRAGMAS = NO;
				HEADER_SEARCH_PATHS = ../../../../../src/;
				INSTALL_PATH = "$(HOME)/bin";
				LIBRARY_SEARCH_PATHS = "";
				OTHER_CFLAGS = "";
				OTHER_LDFLAGS = "";
				OTHER_REZFLAGS = "";
				PREBINDING = NO;
				PRODUCT_NAME = SAX2Print;
				REZ_EXECUTABLE = YES;
				SECTORDER_FLAGS = "";
				WARNING_CFLAGS = "-Wmost";
			};
			dependencies = (
			);
			isa = PBXNativeTarget;
			name = SAX2Print;
			productInstallPath = "$(HOME)/bin";
			productName = IDOMPrint;
			productReference = 900E8AAD055B217D000AC26D;
			productType = "com.apple.product-type.tool";
		};
		900E8AA1055B217D000AC26D = {
			buildActionMask = 2147483647;
			files = (
				900E8AA2055B217D000AC26D,
				900E8AA3055B217D000AC26D,
				900E8AA4055B217D000AC26D,
			);
			isa = PBXHeadersBuildPhase;
			runOnlyForDeploymentPostprocessing = 0;
		};
		900E8AA2055B217D000AC26D = {
			fileRef = F54F8B8C00F8F37F01000001;
			isa = PBXBuildFile;
			settings = {
			};
		};
		900E8AA3055B217D000AC26D = {
			fileRef = F54F8B8E00F8F37F01000001;
			isa = PBXBuildFile;
			settings = {
			};
		};
		900E8AA4055B217D000AC26D = {
			fileRef = F52345FA03AE621701A80065;
			isa = PBXBuildFile;
			settings = {
			};
		};
		900E8AA5055B217D000AC26D = {
			buildActionMask = 2147483647;
			files = (
				900E8AA6055B217D000AC26D,
				900E8AA7055B217D000AC26D,
			);
			isa = PBXSourcesBuildPhase;
			runOnlyForDeploymentPostprocessing = 0;
		};
		900E8AA6055B217D000AC26D = {
			fileRef = F54F8B8B00F8F37F01000001;
			isa = PBXBuildFile;
			settings = {
			};
		};
		900E8AA7055B217D000AC26D = {
			fileRef = F54F8B8D00F8F37F01000001;
			isa = PBXBuildFile;
			settings = {
			};
		};
		900E8AA8055B217D000AC26D = {
			buildActionMask = 2147483647;
			files = (
				90153B7E0573CA6700DAD394,
			);
			isa = PBXFrameworksBuildPhase;
			runOnlyForDeploymentPostprocessing = 0;
		};
		900E8AAB055B217D000AC26D = {
			buildActionMask = 2147483647;
			files = (
			);
			isa = PBXRezBuildPhase;
			runOnlyForDeploymentPostprocessing = 0;
		};
		900E8AAD055B217D000AC26D = {
			explicitFileType = "compiled.mach-o.executable";
			includeInIndex = 0;
			isa = PBXFileReference;
			path = SAX2Print;
			refType = 3;
			sourceTree = BUILT_PRODUCTS_DIR;
		};
		90153B7D0573CA6700DAD394 = {
			isa = PBXFileReference;
			lastKnownFileType = wrapper.framework;
			name = Xerces.framework;
			path = ../../XercesLib/build/Xerces.framework;
			refType = 2;
			sourceTree = SOURCE_ROOT;
		};
		90153B7E0573CA6700DAD394 = {
			fileRef = 90153B7D0573CA6700DAD394;
			isa = PBXBuildFile;
			settings = {
			};
		};
//900
//901
//902
//903
//904
//F50
//F51
//F52
//F53
//F54
		F52345FA03AE621701A80065 = {
			fileEncoding = 30;
			isa = PBXFileReference;
			lastKnownFileType = sourcecode.c.h;
			name = xerces_sample_prefix.h;
			path = ../xerces_sample_prefix.h;
			refType = 2;
			sourceTree = SOURCE_ROOT;
		};
		F54F8B8B00F8F37F01000001 = {
			fileEncoding = 30;
			isa = PBXFileReference;
			lastKnownFileType = sourcecode.cpp.cpp;
			path = SAX2Print.cpp;
			refType = 4;
			sourceTree = "<group>";
		};
		F54F8B8C00F8F37F01000001 = {
			fileEncoding = 30;
			isa = PBXFileReference;
			lastKnownFileType = sourcecode.cpp.h;
			path = SAX2Print.hpp;
			refType = 4;
			sourceTree = "<group>";
		};
		F54F8B8D00F8F37F01000001 = {
			fileEncoding = 30;
			isa = PBXFileReference;
			lastKnownFileType = sourcecode.cpp.cpp;
			path = SAX2PrintHandlers.cpp;
			refType = 4;
			sourceTree = "<group>";
		};
		F54F8B8E00F8F37F01000001 = {
			fileEncoding = 30;
			isa = PBXFileReference;
			lastKnownFileType = sourcecode.cpp.h;
			path = SAX2PrintHandlers.hpp;
			refType = 4;
			sourceTree = "<group>";
		};
		F57843050313FA0D01A80065 = {
			buildRules = (
			);
			buildSettings = {
				COPY_PHASE_STRIP = NO;
				OPTIMIZATION_CFLAGS = "-O0";
			};
			isa = PBXBuildStyle;
			name = "Development GCC3";
		};
		F57843060313FA1301A80065 = {
			buildRules = (
			);
			buildSettings = {
				COPY_PHASE_STRIP = YES;
			};
			isa = PBXBuildStyle;
			name = "Deployment GCC3";
		};
	};
	rootObject = 08FB7793FE84155DC02AAC07;
}
